
Microsoft Visual Studio Solution File, Format Version 12.00
# Visual Studio 2013
VisualStudioVersion = 12.0.30501.0
MinimumVisualStudioVersion = 10.0.40219.1
Project("{FAE04EC0-301F-11D3-BF4B-00C04F79EFBC}") = "PS3 GTA Tool", "PS3 GTA Tool\PS3 GTA Tool.csproj", "{A51B87F3-32F9-4EC7-9787-EAEF56ACA742}"
EndProject
Global
	GlobalSection(SolutionConfigurationPlatforms) = preSolution
		Debug|Any CPU = Debug|Any CPU
		Release|Any CPU = Release|Any CPU
	EndGlobalSection
	GlobalSection(ProjectConfigurationPlatforms) = postSolution
		{A51B87F3-32F9-4EC7-9787-EAEF56ACA742}.Debug|Any CPU.ActiveCfg = Debug|Any CPU
		{A51B87F3-32F9-4EC7-9787-EAEF56ACA742}.Debug|Any CPU.Build.0 = Debug|Any CPU
		{A51B87F3-32F9-4EC7-9787-EAEF56ACA742}.Release|Any CPU.ActiveCfg = Release|Any CPU
		{A51B87F3-32F9-4EC7-9787-EAEF56ACA742}.Release|Any CPU.Build.0 = Release|Any CPU
	EndGlobalSection
	GlobalSection(SolutionProperties) = preSolution
		HideSolutionNode = FALSE
	EndGlobalSection
EndGlobal
